
Microsoft Visual Studio Solution File, Format Version 12.00
# Visual Studio Version 17
VisualStudioVersion = 17.0.31808.319
MinimumVisualStudioVersion = 10.0.40219.1
Project("{9A19103F-16F7-4668-BE54-9A1E7A4F7556}") = "RocksDbSharp", "csharp\RocksDbSharp.csproj", "{CF042B1A-318C-469E-AD1B-EE6E5C8B4CF2}"
EndProject
Project("{9A19103F-16F7-4668-BE54-9A1E7A4F7556}") = "CSharpGen", "build-codegen\CSharpGen.csproj", "{C7E6569D-1154-4136-92B2-0CA7BEF27D12}"
EndProject
Global
	GlobalSection(SolutionConfigurationPlatforms) = preSolution
		Debug|Any CPU = Debug|Any CPU
		Release|Any CPU = Release|Any CPU
	EndGlobalSection
	GlobalSection(ProjectConfigurationPlatforms) = postSolution
		{CF042B1A-318C-469E-AD1B-EE6E5C8B4CF2}.Debug|Any CPU.ActiveCfg = Debug|Any CPU
		{CF042B1A-318C-469E-AD1B-EE6E5C8B4CF2}.Debug|Any CPU.Build.0 = Debug|Any CPU
		{CF042B1A-318C-469E-AD1B-EE6E5C8B4CF2}.Release|Any CPU.ActiveCfg = Release|Any CPU
		{CF042B1A-318C-469E-AD1B-EE6E5C8B4CF2}.Release|Any CPU.Build.0 = Release|Any CPU
		{C7E6569D-1154-4136-92B2-0CA7BEF27D12}.Debug|Any CPU.ActiveCfg = Debug|Any CPU
		{C7E6569D-1154-4136-92B2-0CA7BEF27D12}.Debug|Any CPU.Build.0 = Debug|Any CPU
		{C7E6569D-1154-4136-92B2-0CA7BEF27D12}.Release|Any CPU.ActiveCfg = Release|Any CPU
		{C7E6569D-1154-4136-92B2-0CA7BEF27D12}.Release|Any CPU.Build.0 = Release|Any CPU
	EndGlobalSection
	GlobalSection(SolutionProperties) = preSolution
		HideSolutionNode = FALSE
	EndGlobalSection
	GlobalSection(ExtensibilityGlobals) = postSolution
		SolutionGuid = {FFDBB7A9-87FF-4212-8109-23F7D081B5FC}
	EndGlobalSection
EndGlobal
